
Microsoft Visual Studio Solution File, Format Version 12.00
# Visual Studio Version 17
VisualStudioVersion = 17.1.32210.238
MinimumVisualStudioVersion = 10.0.40219.1
Project("{8BC9CEB8-8B4A-11D0-8D11-00A0C91BC942}") = "Slimetasia", "Slimetasia\Slimetasia.vcxproj", "{2DCF08CA-AD31-4574-9616-C2F0FBE30CC2}"
EndProject
Global
	GlobalSection(SolutionConfigurationPlatforms) = preSolution
		Editor - Debug|x64 = Editor - Debug|x64
		Editor - Release|x64 = Editor - Release|x64
		Shipping|x64 = Shipping|x64
	EndGlobalSection
	GlobalSection(ProjectConfigurationPlatforms) = postSolution
		{2DCF08CA-AD31-4574-9616-C2F0FBE30CC2}.Editor - Debug|x64.ActiveCfg = Editor - Debug|x64
		{2DCF08CA-AD31-4574-9616-C2F0FBE30CC2}.Editor - Debug|x64.Build.0 = Editor - Debug|x64
		{2DCF08CA-AD31-4574-9616-C2F0FBE30CC2}.Editor - Release|x64.ActiveCfg = Editor - Release|x64
		{2DCF08CA-AD31-4574-9616-C2F0FBE30CC2}.Editor - Release|x64.Build.0 = Editor - Release|x64
		{2DCF08CA-AD31-4574-9616-C2F0FBE30CC2}.Shipping|x64.ActiveCfg = Shipping|x64
		{2DCF08CA-AD31-4574-9616-C2F0FBE30CC2}.Shipping|x64.Build.0 = Shipping|x64
	EndGlobalSection
	GlobalSection(SolutionProperties) = preSolution
		HideSolutionNode = FALSE
	EndGlobalSection
	GlobalSection(ExtensibilityGlobals) = postSolution
		SolutionGuid = {CF96D83C-EDAE-48FE-9BB2-62C86BF9D924}
	EndGlobalSection
EndGlobal
