
Microsoft Visual Studio Solution File, Format Version 11.00
# Visual Studio 2012
Project("{8BC9CEB8-8B4A-11D0-8D11-00A0C91BC942}") = "3d", "3d.vcxproj", "{B818DF7C-B43F-4FCC-B4CC-E4E59FB9CACF}"
EndProject
Project("{8BC9CEB8-8B4A-11D0-8D11-00A0C91BC942}") = "3d_multi", "3d_multi.vcxproj", "{10D2E959-F53A-4BE3-9BCD-AE49341E07D5}"
EndProject
Project("{8BC9CEB8-8B4A-11D0-8D11-00A0C91BC942}") = "event_parameter", "event_parameter.vcxproj", "{F5A05FC4-8ED1-4CD9-892C-7632BEAA74F9}"
EndProject
Project("{8BC9CEB8-8B4A-11D0-8D11-00A0C91BC942}") = "load_banks", "load_banks.vcxproj", "{C1AD905C-1B14-4777-AF3D-EE765A6F3675}"
EndProject
Project("{8BC9CEB8-8B4A-11D0-8D11-00A0C91BC942}") = "music_callbacks", "music_callbacks.vcxproj", "{1EF7E2C7-9DA2-4E0D-BB94-09BE15C8D117}"
EndProject
Project("{8BC9CEB8-8B4A-11D0-8D11-00A0C91BC942}") = "objectpan", "objectpan.vcxproj", "{3262E6CE-BEF3-4E18-A4CA-7D2957B8A69D}"
EndProject
Project("{8BC9CEB8-8B4A-11D0-8D11-00A0C91BC942}") = "programmer_sound", "programmer_sound.vcxproj", "{729E91D4-9235-4CEC-A823-1F80E73CFAB0}"
EndProject
Project("{8BC9CEB8-8B4A-11D0-8D11-00A0C91BC942}") = "recording_playback", "recording_playback.vcxproj", "{F2138196-9CDC-42D5-8724-8A6B08B68BF5}"
EndProject
Project("{8BC9CEB8-8B4A-11D0-8D11-00A0C91BC942}") = "simple_event", "simple_event.vcxproj", "{CE6D8935-3498-42CC-946B-C1186102D34F}"
EndProject
Global
	GlobalSection(SolutionConfigurationPlatforms) = preSolution
		Debug|Win32 = Debug|Win32
		Debug|x64 = Debug|x64
		Release|Win32 = Release|Win32
		Release|x64 = Release|x64
	EndGlobalSection
	GlobalSection(ProjectConfigurationPlatforms) = postSolution
		{B818DF7C-B43F-4FCC-B4CC-E4E59FB9CACF}.Debug|Win32.ActiveCfg = Debug|Win32
		{B818DF7C-B43F-4FCC-B4CC-E4E59FB9CACF}.Debug|Win32.Build.0 = Debug|Win32
		{B818DF7C-B43F-4FCC-B4CC-E4E59FB9CACF}.Debug|Win32.Deploy.0 = Debug|Win32
		{B818DF7C-B43F-4FCC-B4CC-E4E59FB9CACF}.Debug|x64.ActiveCfg = Debug|x64
		{B818DF7C-B43F-4FCC-B4CC-E4E59FB9CACF}.Debug|x64.Build.0 = Debug|x64
		{B818DF7C-B43F-4FCC-B4CC-E4E59FB9CACF}.Debug|x64.Deploy.0 = Debug|x64
		{B818DF7C-B43F-4FCC-B4CC-E4E59FB9CACF}.Release|Win32.ActiveCfg = Release|Win32
		{B818DF7C-B43F-4FCC-B4CC-E4E59FB9CACF}.Release|Win32.Build.0 = Release|Win32
		{B818DF7C-B43F-4FCC-B4CC-E4E59FB9CACF}.Release|Win32.Deploy.0 = Release|Win32
		{B818DF7C-B43F-4FCC-B4CC-E4E59FB9CACF}.Release|x64.ActiveCfg = Release|x64
		{B818DF7C-B43F-4FCC-B4CC-E4E59FB9CACF}.Release|x64.Build.0 = Release|x64
		{B818DF7C-B43F-4FCC-B4CC-E4E59FB9CACF}.Release|x64.Deploy.0 = Release|x64
		{10D2E959-F53A-4BE3-9BCD-AE49341E07D5}.Debug|Win32.ActiveCfg = Debug|Win32
		{10D2E959-F53A-4BE3-9BCD-AE49341E07D5}.Debug|Win32.Build.0 = Debug|Win32
		{10D2E959-F53A-4BE3-9BCD-AE49341E07D5}.Debug|Win32.Deploy.0 = Debug|Win32
		{10D2E959-F53A-4BE3-9BCD-AE49341E07D5}.Debug|x64.ActiveCfg = Debug|x64
		{10D2E959-F53A-4BE3-9BCD-AE49341E07D5}.Debug|x64.Build.0 = Debug|x64
		{10D2E959-F53A-4BE3-9BCD-AE49341E07D5}.Debug|x64.Deploy.0 = Debug|x64
		{10D2E959-F53A-4BE3-9BCD-AE49341E07D5}.Release|Win32.ActiveCfg = Release|Win32
		{10D2E959-F53A-4BE3-9BCD-AE49341E07D5}.Release|Win32.Build.0 = Release|Win32
		{10D2E959-F53A-4BE3-9BCD-AE49341E07D5}.Release|Win32.Deploy.0 = Release|Win32
		{10D2E959-F53A-4BE3-9BCD-AE49341E07D5}.Release|x64.ActiveCfg = Release|x64
		{10D2E959-F53A-4BE3-9BCD-AE49341E07D5}.Release|x64.Build.0 = Release|x64
		{10D2E959-F53A-4BE3-9BCD-AE49341E07D5}.Release|x64.Deploy.0 = Release|x64
		{F5A05FC4-8ED1-4CD9-892C-7632BEAA74F9}.Debug|Win32.ActiveCfg = Debug|Win32
		{F5A05FC4-8ED1-4CD9-892C-7632BEAA74F9}.Debug|Win32.Build.0 = Debug|Win32
		{F5A05FC4-8ED1-4CD9-892C-7632BEAA74F9}.Debug|Win32.Deploy.0 = Debug|Win32
		{F5A05FC4-8ED1-4CD9-892C-7632BEAA74F9}.Debug|x64.ActiveCfg = Debug|x64
		{F5A05FC4-8ED1-4CD9-892C-7632BEAA74F9}.Debug|x64.Build.0 = Debug|x64
		{F5A05FC4-8ED1-4CD9-892C-7632BEAA74F9}.Debug|x64.Deploy.0 = Debug|x64
		{F5A05FC4-8ED1-4CD9-892C-7632BEAA74F9}.Release|Win32.ActiveCfg = Release|Win32
		{F5A05FC4-8ED1-4CD9-892C-7632BEAA74F9}.Release|Win32.Build.0 = Release|Win32
		{F5A05FC4-8ED1-4CD9-892C-7632BEAA74F9}.Release|Win32.Deploy.0 = Release|Win32
		{F5A05FC4-8ED1-4CD9-892C-7632BEAA74F9}.Release|x64.ActiveCfg = Release|x64
		{F5A05FC4-8ED1-4CD9-892C-7632BEAA74F9}.Release|x64.Build.0 = Release|x64
		{F5A05FC4-8ED1-4CD9-892C-7632BEAA74F9}.Release|x64.Deploy.0 = Release|x64
		{C1AD905C-1B14-4777-AF3D-EE765A6F3675}.Debug|Win32.ActiveCfg = Debug|Win32
		{C1AD905C-1B14-4777-AF3D-EE765A6F3675}.Debug|Win32.Build.0 = Debug|Win32
		{C1AD905C-1B14-4777-AF3D-EE765A6F3675}.Debug|Win32.Deploy.0 = Debug|Win32
		{C1AD905C-1B14-4777-AF3D-EE765A6F3675}.Debug|x64.ActiveCfg = Debug|x64
		{C1AD905C-1B14-4777-AF3D-EE765A6F3675}.Debug|x64.Build.0 = Debug|x64
		{C1AD905C-1B14-4777-AF3D-EE765A6F3675}.Debug|x64.Deploy.0 = Debug|x64
		{C1AD905C-1B14-4777-AF3D-EE765A6F3675}.Release|Win32.ActiveCfg = Release|Win32
		{C1AD905C-1B14-4777-AF3D-EE765A6F3675}.Release|Win32.Build.0 = Release|Win32
		{C1AD905C-1B14-4777-AF3D-EE765A6F3675}.Release|Win32.Deploy.0 = Release|Win32
		{C1AD905C-1B14-4777-AF3D-EE765A6F3675}.Release|x64.ActiveCfg = Release|x64
		{C1AD905C-1B14-4777-AF3D-EE765A6F3675}.Release|x64.Build.0 = Release|x64
		{C1AD905C-1B14-4777-AF3D-EE765A6F3675}.Release|x64.Deploy.0 = Release|x64
		{1EF7E2C7-9DA2-4E0D-BB94-09BE15C8D117}.Debug|Win32.ActiveCfg = Debug|Win32
		{1EF7E2C7-9DA2-4E0D-BB94-09BE15C8D117}.Debug|Win32.Build.0 = Debug|Win32
		{1EF7E2C7-9DA2-4E0D-BB94-09BE15C8D117}.Debug|Win32.Deploy.0 = Debug|Win32
		{1EF7E2C7-9DA2-4E0D-BB94-09BE15C8D117}.Debug|x64.ActiveCfg = Debug|x64
		{1EF7E2C7-9DA2-4E0D-BB94-09BE15C8D117}.Debug|x64.Build.0 = Debug|x64
		{1EF7E2C7-9DA2-4E0D-BB94-09BE15C8D117}.Debug|x64.Deploy.0 = Debug|x64
		{1EF7E2C7-9DA2-4E0D-BB94-09BE15C8D117}.Release|Win32.ActiveCfg = Release|Win32
		{1EF7E2C7-9DA2-4E0D-BB94-09BE15C8D117}.Release|Win32.Build.0 = Release|Win32
		{1EF7E2C7-9DA2-4E0D-BB94-09BE15C8D117}.Release|Win32.Deploy.0 = Release|Win32
		{1EF7E2C7-9DA2-4E0D-BB94-09BE15C8D117}.Release|x64.ActiveCfg = Release|x64
		{1EF7E2C7-9DA2-4E0D-BB94-09BE15C8D117}.Release|x64.Build.0 = Release|x64
		{1EF7E2C7-9DA2-4E0D-BB94-09BE15C8D117}.Release|x64.Deploy.0 = Release|x64
		{3262E6CE-BEF3-4E18-A4CA-7D2957B8A69D}.Debug|Win32.ActiveCfg = Debug|Win32
		{3262E6CE-BEF3-4E18-A4CA-7D2957B8A69D}.Debug|Win32.Build.0 = Debug|Win32
		{3262E6CE-BEF3-4E18-A4CA-7D2957B8A69D}.Debug|Win32.Deploy.0 = Debug|Win32
		{3262E6CE-BEF3-4E18-A4CA-7D2957B8A69D}.Debug|x64.ActiveCfg = Debug|x64
		{3262E6CE-BEF3-4E18-A4CA-7D2957B8A69D}.Debug|x64.Build.0 = Debug|x64
		{3262E6CE-BEF3-4E18-A4CA-7D2957B8A69D}.Debug|x64.Deploy.0 = Debug|x64
		{3262E6CE-BEF3-4E18-A4CA-7D2957B8A69D}.Release|Win32.ActiveCfg = Release|Win32
		{3262E6CE-BEF3-4E18-A4CA-7D2957B8A69D}.Release|Win32.Build.0 = Release|Win32
		{3262E6CE-BEF3-4E18-A4CA-7D2957B8A69D}.Release|Win32.Deploy.0 = Release|Win32
		{3262E6CE-BEF3-4E18-A4CA-7D2957B8A69D}.Release|x64.ActiveCfg = Release|x64
		{3262E6CE-BEF3-4E18-A4CA-7D2957B8A69D}.Release|x64.Build.0 = Release|x64
		{3262E6CE-BEF3-4E18-A4CA-7D2957B8A69D}.Release|x64.Deploy.0 = Release|x64
		{729E91D4-9235-4CEC-A823-1F80E73CFAB0}.Debug|Win32.ActiveCfg = Debug|Win32
		{729E91D4-9235-4CEC-A823-1F80E73CFAB0}.Debug|Win32.Build.0 = Debug|Win32
		{729E91D4-9235-4CEC-A823-1F80E73CFAB0}.Debug|Win32.Deploy.0 = Debug|Win32
		{729E91D4-9235-4CEC-A823-1F80E73CFAB0}.Debug|x64.ActiveCfg = Debug|x64
		{729E91D4-9235-4CEC-A823-1F80E73CFAB0}.Debug|x64.Build.0 = Debug|x64
		{729E91D4-9235-4CEC-A823-1F80E73CFAB0}.Debug|x64.Deploy.0 = Debug|x64
		{729E91D4-9235-4CEC-A823-1F80E73CFAB0}.Release|Win32.ActiveCfg = Release|Win32
		{729E91D4-9235-4CEC-A823-1F80E73CFAB0}.Release|Win32.Build.0 = Release|Win32
		{729E91D4-9235-4CEC-A823-1F80E73CFAB0}.Release|Win32.Deploy.0 = Release|Win32
		{729E91D4-9235-4CEC-A823-1F80E73CFAB0}.Release|x64.ActiveCfg = Release|x64
		{729E91D4-9235-4CEC-A823-1F80E73CFAB0}.Release|x64.Build.0 = Release|x64
		{729E91D4-9235-4CEC-A823-1F80E73CFAB0}.Release|x64.Deploy.0 = Release|x64
		{F2138196-9CDC-42D5-8724-8A6B08B68BF5}.Debug|Win32.ActiveCfg = Debug|Win32
		{F2138196-9CDC-42D5-8724-8A6B08B68BF5}.Debug|Win32.Build.0 = Debug|Win32
		{F2138196-9CDC-42D5-8724-8A6B08B68BF5}.Debug|Win32.Deploy.0 = Debug|Win32
		{F2138196-9CDC-42D5-8724-8A6B08B68BF5}.Debug|x64.ActiveCfg = Debug|x64
		{F2138196-9CDC-42D5-8724-8A6B08B68BF5}.Debug|x64.Build.0 = Debug|x64
		{F2138196-9CDC-42D5-8724-8A6B08B68BF5}.Debug|x64.Deploy.0 = Debug|x64
		{F2138196-9CDC-42D5-8724-8A6B08B68BF5}.Release|Win32.ActiveCfg = Release|Win32
		{F2138196-9CDC-42D5-8724-8A6B08B68BF5}.Release|Win32.Build.0 = Release|Win32
		{F2138196-9CDC-42D5-8724-8A6B08B68BF5}.Release|Win32.Deploy.0 = Release|Win32
		{F2138196-9CDC-42D5-8724-8A6B08B68BF5}.Release|x64.ActiveCfg = Release|x64
		{F2138196-9CDC-42D5-8724-8A6B08B68BF5}.Release|x64.Build.0 = Release|x64
		{F2138196-9CDC-42D5-8724-8A6B08B68BF5}.Release|x64.Deploy.0 = Release|x64
		{CE6D8935-3498-42CC-946B-C1186102D34F}.Debug|Win32.ActiveCfg = Debug|Win32
		{CE6D8935-3498-42CC-946B-C1186102D34F}.Debug|Win32.Build.0 = Debug|Win32
		{CE6D8935-3498-42CC-946B-C1186102D34F}.Debug|Win32.Deploy.0 = Debug|Win32
		{CE6D8935-3498-42CC-946B-C1186102D34F}.Debug|x64.ActiveCfg = Debug|x64
		{CE6D8935-3498-42CC-946B-C1186102D34F}.Debug|x64.Build.0 = Debug|x64
		{CE6D8935-3498-42CC-946B-C1186102D34F}.Debug|x64.Deploy.0 = Debug|x64
		{CE6D8935-3498-42CC-946B-C1186102D34F}.Release|Win32.ActiveCfg = Release|Win32
		{CE6D8935-3498-42CC-946B-C1186102D34F}.Release|Win32.Build.0 = Release|Win32
		{CE6D8935-3498-42CC-946B-C1186102D34F}.Release|Win32.Deploy.0 = Release|Win32
		{CE6D8935-3498-42CC-946B-C1186102D34F}.Release|x64.ActiveCfg = Release|x64
		{CE6D8935-3498-42CC-946B-C1186102D34F}.Release|x64.Build.0 = Release|x64
		{CE6D8935-3498-42CC-946B-C1186102D34F}.Release|x64.Deploy.0 = Release|x64
	EndGlobalSection
	GlobalSection(SolutionProperties) = preSolution
		HideSolutionNode = FALSE
	EndGlobalSection
EndGlobal
