
Microsoft Visual Studio Solution File, Format Version 11.00
# Visual Studio 2010
Project("{8BC9CEB8-8B4A-11D0-8D11-00A0C91BC942}") = "3d", "3d.vcxproj", "{62DCDF34-7473-4CF5-8C06-198717A62C0C}"
EndProject
Project("{8BC9CEB8-8B4A-11D0-8D11-00A0C91BC942}") = "3d_multi", "3d_multi.vcxproj", "{2BCC38FF-2591-4F10-AAA5-3FBC35479DBE}"
EndProject
Project("{8BC9CEB8-8B4A-11D0-8D11-00A0C91BC942}") = "event_parameter", "event_parameter.vcxproj", "{BEB1A7FA-A955-45D6-8717-ED7AE4E3381F}"
EndProject
Project("{8BC9CEB8-8B4A-11D0-8D11-00A0C91BC942}") = "load_banks", "load_banks.vcxproj", "{265A6AFF-7874-4BE4-B5DA-7A9BCD1AC107}"
EndProject
Project("{8BC9CEB8-8B4A-11D0-8D11-00A0C91BC942}") = "music_callbacks", "music_callbacks.vcxproj", "{5161B44F-B1F9-417F-AD2C-917A11C8F87E}"
EndProject
Project("{8BC9CEB8-8B4A-11D0-8D11-00A0C91BC942}") = "objectpan", "objectpan.vcxproj", "{4671E2C7-489E-4CA9-A02D-3572376E941B}"
EndProject
Project("{8BC9CEB8-8B4A-11D0-8D11-00A0C91BC942}") = "programmer_sound", "programmer_sound.vcxproj", "{FA447B2E-409F-4873-A44A-D5513595AFCF}"
EndProject
Project("{8BC9CEB8-8B4A-11D0-8D11-00A0C91BC942}") = "recording_playback", "recording_playback.vcxproj", "{84D7E478-2EFA-47BF-80CE-66832F4FA5E2}"
EndProject
Project("{8BC9CEB8-8B4A-11D0-8D11-00A0C91BC942}") = "simple_event", "simple_event.vcxproj", "{B952313D-FCDB-492A-B95B-AFAA1CA77C03}"
EndProject
Global
	GlobalSection(SolutionConfigurationPlatforms) = preSolution
		Debug|Win32 = Debug|Win32
		Debug|x64 = Debug|x64
		Release|Win32 = Release|Win32
		Release|x64 = Release|x64
	EndGlobalSection
	GlobalSection(ProjectConfigurationPlatforms) = postSolution
		{62DCDF34-7473-4CF5-8C06-198717A62C0C}.Debug|Win32.ActiveCfg = Debug|Win32
		{62DCDF34-7473-4CF5-8C06-198717A62C0C}.Debug|Win32.Build.0 = Debug|Win32
		{62DCDF34-7473-4CF5-8C06-198717A62C0C}.Debug|Win32.Deploy.0 = Debug|Win32
		{62DCDF34-7473-4CF5-8C06-198717A62C0C}.Debug|x64.ActiveCfg = Debug|x64
		{62DCDF34-7473-4CF5-8C06-198717A62C0C}.Debug|x64.Build.0 = Debug|x64
		{62DCDF34-7473-4CF5-8C06-198717A62C0C}.Debug|x64.Deploy.0 = Debug|x64
		{62DCDF34-7473-4CF5-8C06-198717A62C0C}.Release|Win32.ActiveCfg = Release|Win32
		{62DCDF34-7473-4CF5-8C06-198717A62C0C}.Release|Win32.Build.0 = Release|Win32
		{62DCDF34-7473-4CF5-8C06-198717A62C0C}.Release|Win32.Deploy.0 = Release|Win32
		{62DCDF34-7473-4CF5-8C06-198717A62C0C}.Release|x64.ActiveCfg = Release|x64
		{62DCDF34-7473-4CF5-8C06-198717A62C0C}.Release|x64.Build.0 = Release|x64
		{62DCDF34-7473-4CF5-8C06-198717A62C0C}.Release|x64.Deploy.0 = Release|x64
		{2BCC38FF-2591-4F10-AAA5-3FBC35479DBE}.Debug|Win32.ActiveCfg = Debug|Win32
		{2BCC38FF-2591-4F10-AAA5-3FBC35479DBE}.Debug|Win32.Build.0 = Debug|Win32
		{2BCC38FF-2591-4F10-AAA5-3FBC35479DBE}.Debug|Win32.Deploy.0 = Debug|Win32
		{2BCC38FF-2591-4F10-AAA5-3FBC35479DBE}.Debug|x64.ActiveCfg = Debug|x64
		{2BCC38FF-2591-4F10-AAA5-3FBC35479DBE}.Debug|x64.Build.0 = Debug|x64
		{2BCC38FF-2591-4F10-AAA5-3FBC35479DBE}.Debug|x64.Deploy.0 = Debug|x64
		{2BCC38FF-2591-4F10-AAA5-3FBC35479DBE}.Release|Win32.ActiveCfg = Release|Win32
		{2BCC38FF-2591-4F10-AAA5-3FBC35479DBE}.Release|Win32.Build.0 = Release|Win32
		{2BCC38FF-2591-4F10-AAA5-3FBC35479DBE}.Release|Win32.Deploy.0 = Release|Win32
		{2BCC38FF-2591-4F10-AAA5-3FBC35479DBE}.Release|x64.ActiveCfg = Release|x64
		{2BCC38FF-2591-4F10-AAA5-3FBC35479DBE}.Release|x64.Build.0 = Release|x64
		{2BCC38FF-2591-4F10-AAA5-3FBC35479DBE}.Release|x64.Deploy.0 = Release|x64
		{BEB1A7FA-A955-45D6-8717-ED7AE4E3381F}.Debug|Win32.ActiveCfg = Debug|Win32
		{BEB1A7FA-A955-45D6-8717-ED7AE4E3381F}.Debug|Win32.Build.0 = Debug|Win32
		{BEB1A7FA-A955-45D6-8717-ED7AE4E3381F}.Debug|Win32.Deploy.0 = Debug|Win32
		{BEB1A7FA-A955-45D6-8717-ED7AE4E3381F}.Debug|x64.ActiveCfg = Debug|x64
		{BEB1A7FA-A955-45D6-8717-ED7AE4E3381F}.Debug|x64.Build.0 = Debug|x64
		{BEB1A7FA-A955-45D6-8717-ED7AE4E3381F}.Debug|x64.Deploy.0 = Debug|x64
		{BEB1A7FA-A955-45D6-8717-ED7AE4E3381F}.Release|Win32.ActiveCfg = Release|Win32
		{BEB1A7FA-A955-45D6-8717-ED7AE4E3381F}.Release|Win32.Build.0 = Release|Win32
		{BEB1A7FA-A955-45D6-8717-ED7AE4E3381F}.Release|Win32.Deploy.0 = Release|Win32
		{BEB1A7FA-A955-45D6-8717-ED7AE4E3381F}.Release|x64.ActiveCfg = Release|x64
		{BEB1A7FA-A955-45D6-8717-ED7AE4E3381F}.Release|x64.Build.0 = Release|x64
		{BEB1A7FA-A955-45D6-8717-ED7AE4E3381F}.Release|x64.Deploy.0 = Release|x64
		{265A6AFF-7874-4BE4-B5DA-7A9BCD1AC107}.Debug|Win32.ActiveCfg = Debug|Win32
		{265A6AFF-7874-4BE4-B5DA-7A9BCD1AC107}.Debug|Win32.Build.0 = Debug|Win32
		{265A6AFF-7874-4BE4-B5DA-7A9BCD1AC107}.Debug|Win32.Deploy.0 = Debug|Win32
		{265A6AFF-7874-4BE4-B5DA-7A9BCD1AC107}.Debug|x64.ActiveCfg = Debug|x64
		{265A6AFF-7874-4BE4-B5DA-7A9BCD1AC107}.Debug|x64.Build.0 = Debug|x64
		{265A6AFF-7874-4BE4-B5DA-7A9BCD1AC107}.Debug|x64.Deploy.0 = Debug|x64
		{265A6AFF-7874-4BE4-B5DA-7A9BCD1AC107}.Release|Win32.ActiveCfg = Release|Win32
		{265A6AFF-7874-4BE4-B5DA-7A9BCD1AC107}.Release|Win32.Build.0 = Release|Win32
		{265A6AFF-7874-4BE4-B5DA-7A9BCD1AC107}.Release|Win32.Deploy.0 = Release|Win32
		{265A6AFF-7874-4BE4-B5DA-7A9BCD1AC107}.Release|x64.ActiveCfg = Release|x64
		{265A6AFF-7874-4BE4-B5DA-7A9BCD1AC107}.Release|x64.Build.0 = Release|x64
		{265A6AFF-7874-4BE4-B5DA-7A9BCD1AC107}.Release|x64.Deploy.0 = Release|x64
		{5161B44F-B1F9-417F-AD2C-917A11C8F87E}.Debug|Win32.ActiveCfg = Debug|Win32
		{5161B44F-B1F9-417F-AD2C-917A11C8F87E}.Debug|Win32.Build.0 = Debug|Win32
		{5161B44F-B1F9-417F-AD2C-917A11C8F87E}.Debug|Win32.Deploy.0 = Debug|Win32
		{5161B44F-B1F9-417F-AD2C-917A11C8F87E}.Debug|x64.ActiveCfg = Debug|x64
		{5161B44F-B1F9-417F-AD2C-917A11C8F87E}.Debug|x64.Build.0 = Debug|x64
		{5161B44F-B1F9-417F-AD2C-917A11C8F87E}.Debug|x64.Deploy.0 = Debug|x64
		{5161B44F-B1F9-417F-AD2C-917A11C8F87E}.Release|Win32.ActiveCfg = Release|Win32
		{5161B44F-B1F9-417F-AD2C-917A11C8F87E}.Release|Win32.Build.0 = Release|Win32
		{5161B44F-B1F9-417F-AD2C-917A11C8F87E}.Release|Win32.Deploy.0 = Release|Win32
		{5161B44F-B1F9-417F-AD2C-917A11C8F87E}.Release|x64.ActiveCfg = Release|x64
		{5161B44F-B1F9-417F-AD2C-917A11C8F87E}.Release|x64.Build.0 = Release|x64
		{5161B44F-B1F9-417F-AD2C-917A11C8F87E}.Release|x64.Deploy.0 = Release|x64
		{4671E2C7-489E-4CA9-A02D-3572376E941B}.Debug|Win32.ActiveCfg = Debug|Win32
		{4671E2C7-489E-4CA9-A02D-3572376E941B}.Debug|Win32.Build.0 = Debug|Win32
		{4671E2C7-489E-4CA9-A02D-3572376E941B}.Debug|Win32.Deploy.0 = Debug|Win32
		{4671E2C7-489E-4CA9-A02D-3572376E941B}.Debug|x64.ActiveCfg = Debug|x64
		{4671E2C7-489E-4CA9-A02D-3572376E941B}.Debug|x64.Build.0 = Debug|x64
		{4671E2C7-489E-4CA9-A02D-3572376E941B}.Debug|x64.Deploy.0 = Debug|x64
		{4671E2C7-489E-4CA9-A02D-3572376E941B}.Release|Win32.ActiveCfg = Release|Win32
		{4671E2C7-489E-4CA9-A02D-3572376E941B}.Release|Win32.Build.0 = Release|Win32
		{4671E2C7-489E-4CA9-A02D-3572376E941B}.Release|Win32.Deploy.0 = Release|Win32
		{4671E2C7-489E-4CA9-A02D-3572376E941B}.Release|x64.ActiveCfg = Release|x64
		{4671E2C7-489E-4CA9-A02D-3572376E941B}.Release|x64.Build.0 = Release|x64
		{4671E2C7-489E-4CA9-A02D-3572376E941B}.Release|x64.Deploy.0 = Release|x64
		{FA447B2E-409F-4873-A44A-D5513595AFCF}.Debug|Win32.ActiveCfg = Debug|Win32
		{FA447B2E-409F-4873-A44A-D5513595AFCF}.Debug|Win32.Build.0 = Debug|Win32
		{FA447B2E-409F-4873-A44A-D5513595AFCF}.Debug|Win32.Deploy.0 = Debug|Win32
		{FA447B2E-409F-4873-A44A-D5513595AFCF}.Debug|x64.ActiveCfg = Debug|x64
		{FA447B2E-409F-4873-A44A-D5513595AFCF}.Debug|x64.Build.0 = Debug|x64
		{FA447B2E-409F-4873-A44A-D5513595AFCF}.Debug|x64.Deploy.0 = Debug|x64
		{FA447B2E-409F-4873-A44A-D5513595AFCF}.Release|Win32.ActiveCfg = Release|Win32
		{FA447B2E-409F-4873-A44A-D5513595AFCF}.Release|Win32.Build.0 = Release|Win32
		{FA447B2E-409F-4873-A44A-D5513595AFCF}.Release|Win32.Deploy.0 = Release|Win32
		{FA447B2E-409F-4873-A44A-D5513595AFCF}.Release|x64.ActiveCfg = Release|x64
		{FA447B2E-409F-4873-A44A-D5513595AFCF}.Release|x64.Build.0 = Release|x64
		{FA447B2E-409F-4873-A44A-D5513595AFCF}.Release|x64.Deploy.0 = Release|x64
		{84D7E478-2EFA-47BF-80CE-66832F4FA5E2}.Debug|Win32.ActiveCfg = Debug|Win32
		{84D7E478-2EFA-47BF-80CE-66832F4FA5E2}.Debug|Win32.Build.0 = Debug|Win32
		{84D7E478-2EFA-47BF-80CE-66832F4FA5E2}.Debug|Win32.Deploy.0 = Debug|Win32
		{84D7E478-2EFA-47BF-80CE-66832F4FA5E2}.Debug|x64.ActiveCfg = Debug|x64
		{84D7E478-2EFA-47BF-80CE-66832F4FA5E2}.Debug|x64.Build.0 = Debug|x64
		{84D7E478-2EFA-47BF-80CE-66832F4FA5E2}.Debug|x64.Deploy.0 = Debug|x64
		{84D7E478-2EFA-47BF-80CE-66832F4FA5E2}.Release|Win32.ActiveCfg = Release|Win32
		{84D7E478-2EFA-47BF-80CE-66832F4FA5E2}.Release|Win32.Build.0 = Release|Win32
		{84D7E478-2EFA-47BF-80CE-66832F4FA5E2}.Release|Win32.Deploy.0 = Release|Win32
		{84D7E478-2EFA-47BF-80CE-66832F4FA5E2}.Release|x64.ActiveCfg = Release|x64
		{84D7E478-2EFA-47BF-80CE-66832F4FA5E2}.Release|x64.Build.0 = Release|x64
		{84D7E478-2EFA-47BF-80CE-66832F4FA5E2}.Release|x64.Deploy.0 = Release|x64
		{B952313D-FCDB-492A-B95B-AFAA1CA77C03}.Debug|Win32.ActiveCfg = Debug|Win32
		{B952313D-FCDB-492A-B95B-AFAA1CA77C03}.Debug|Win32.Build.0 = Debug|Win32
		{B952313D-FCDB-492A-B95B-AFAA1CA77C03}.Debug|Win32.Deploy.0 = Debug|Win32
		{B952313D-FCDB-492A-B95B-AFAA1CA77C03}.Debug|x64.ActiveCfg = Debug|x64
		{B952313D-FCDB-492A-B95B-AFAA1CA77C03}.Debug|x64.Build.0 = Debug|x64
		{B952313D-FCDB-492A-B95B-AFAA1CA77C03}.Debug|x64.Deploy.0 = Debug|x64
		{B952313D-FCDB-492A-B95B-AFAA1CA77C03}.Release|Win32.ActiveCfg = Release|Win32
		{B952313D-FCDB-492A-B95B-AFAA1CA77C03}.Release|Win32.Build.0 = Release|Win32
		{B952313D-FCDB-492A-B95B-AFAA1CA77C03}.Release|Win32.Deploy.0 = Release|Win32
		{B952313D-FCDB-492A-B95B-AFAA1CA77C03}.Release|x64.ActiveCfg = Release|x64
		{B952313D-FCDB-492A-B95B-AFAA1CA77C03}.Release|x64.Build.0 = Release|x64
		{B952313D-FCDB-492A-B95B-AFAA1CA77C03}.Release|x64.Deploy.0 = Release|x64
	EndGlobalSection
	GlobalSection(SolutionProperties) = preSolution
		HideSolutionNode = FALSE
	EndGlobalSection
EndGlobal
