
Microsoft Visual Studio Solution File, Format Version 11.00
# Visual Studio 2012
Project("{8BC9CEB8-8B4A-11D0-8D11-00A0C91BC942}") = "3d", "3d.vcxproj", "{75FB1AD3-EF22-43F7-90AF-348225706733}"
EndProject
Project("{8BC9CEB8-8B4A-11D0-8D11-00A0C91BC942}") = "asyncio", "asyncio.vcxproj", "{BB2E345D-97FA-4C16-A899-D548E6C742CD}"
EndProject
Project("{8BC9CEB8-8B4A-11D0-8D11-00A0C91BC942}") = "channel_groups", "channel_groups.vcxproj", "{C52A6F06-9B18-4ACB-A6CC-957BB80BA4E9}"
EndProject
Project("{8BC9CEB8-8B4A-11D0-8D11-00A0C91BC942}") = "convolution_reverb", "convolution_reverb.vcxproj", "{9BE64C2F-573E-4414-93C0-21C0FCCC8EEF}"
EndProject
Project("{8BC9CEB8-8B4A-11D0-8D11-00A0C91BC942}") = "dsp_custom", "dsp_custom.vcxproj", "{7FB50580-B021-4FC8-BEDE-4F32A73E64DB}"
EndProject
Project("{8BC9CEB8-8B4A-11D0-8D11-00A0C91BC942}") = "dsp_effect_per_speaker", "dsp_effect_per_speaker.vcxproj", "{265ED0CE-EC36-47F1-8B01-E066D5C8AFDC}"
EndProject
Project("{8BC9CEB8-8B4A-11D0-8D11-00A0C91BC942}") = "dsp_inspector", "dsp_inspector.vcxproj", "{6B2AFE31-0A1E-4B02-93E8-DA9F4374D054}"
EndProject
Project("{8BC9CEB8-8B4A-11D0-8D11-00A0C91BC942}") = "effects", "effects.vcxproj", "{52A8F4DA-5776-4FFB-AD54-ADB54711DE42}"
EndProject
Project("{8BC9CEB8-8B4A-11D0-8D11-00A0C91BC942}") = "gapless_playback", "gapless_playback.vcxproj", "{0EC62FD5-7C8E-45AC-A07F-C3C61D85D6BF}"
EndProject
Project("{8BC9CEB8-8B4A-11D0-8D11-00A0C91BC942}") = "generate_tone", "generate_tone.vcxproj", "{C38ECD3D-C1D8-49CE-B378-CF9C1A9213C4}"
EndProject
Project("{8BC9CEB8-8B4A-11D0-8D11-00A0C91BC942}") = "granular_synth", "granular_synth.vcxproj", "{98DEA5DB-7889-46E3-ABDA-CD035A79EE28}"
EndProject
Project("{8BC9CEB8-8B4A-11D0-8D11-00A0C91BC942}") = "load_from_memory", "load_from_memory.vcxproj", "{1269D49C-F1A7-429A-AB60-251E4C331E30}"
EndProject
Project("{8BC9CEB8-8B4A-11D0-8D11-00A0C91BC942}") = "multiple_speaker", "multiple_speaker.vcxproj", "{1636E68B-1166-46C7-879F-5C10E5F3B9AA}"
EndProject
Project("{8BC9CEB8-8B4A-11D0-8D11-00A0C91BC942}") = "multiple_system", "multiple_system.vcxproj", "{53CA810F-4B38-4F2F-8ECF-57F5D39919D4}"
EndProject
Project("{8BC9CEB8-8B4A-11D0-8D11-00A0C91BC942}") = "net_stream", "net_stream.vcxproj", "{AAC1E621-4B60-425A-9080-684FFA66DD00}"
EndProject
Project("{8BC9CEB8-8B4A-11D0-8D11-00A0C91BC942}") = "play_sound", "play_sound.vcxproj", "{8FFF594F-5F3C-48DF-BAEE-047EB8C654EA}"
EndProject
Project("{8BC9CEB8-8B4A-11D0-8D11-00A0C91BC942}") = "play_stream", "play_stream.vcxproj", "{833FEC3B-56FF-4589-9CD9-3FF4C2018638}"
EndProject
Project("{8BC9CEB8-8B4A-11D0-8D11-00A0C91BC942}") = "record", "record.vcxproj", "{12EA9413-AA07-496C-93DF-7F96EF80E44C}"
EndProject
Project("{8BC9CEB8-8B4A-11D0-8D11-00A0C91BC942}") = "record_enumeration", "record_enumeration.vcxproj", "{EDE10B34-0838-4FE0-888A-6B0DC6CE700C}"
EndProject
Project("{8BC9CEB8-8B4A-11D0-8D11-00A0C91BC942}") = "user_created_sound", "user_created_sound.vcxproj", "{285ADC8D-B2C1-4D98-8A1D-2699710B3705}"
EndProject
Project("{8BC9CEB8-8B4A-11D0-8D11-00A0C91BC942}") = "fmod_codec_raw", "fmod_codec_raw.vcxproj", "{FA496427-5AFE-455D-80C8-C0778659ED40}"
EndProject
Project("{8BC9CEB8-8B4A-11D0-8D11-00A0C91BC942}") = "fmod_distance_filter", "fmod_distance_filter.vcxproj", "{DA1C4653-3962-4FDD-9A6F-04A1C0FBE5DE}"
EndProject
Project("{8BC9CEB8-8B4A-11D0-8D11-00A0C91BC942}") = "fmod_gain", "fmod_gain.vcxproj", "{82C35076-5ECF-49F5-8C2E-0248B8E10100}"
EndProject
Project("{8BC9CEB8-8B4A-11D0-8D11-00A0C91BC942}") = "fmod_noise", "fmod_noise.vcxproj", "{FBCBDB09-68AE-4794-A1FE-70B58551B19B}"
EndProject
Project("{8BC9CEB8-8B4A-11D0-8D11-00A0C91BC942}") = "output_mp3", "output_mp3.vcxproj", "{7E4203CA-5E57-471D-A35F-B0FCF2653C72}"
EndProject
Global
	GlobalSection(SolutionConfigurationPlatforms) = preSolution
		Debug|Win32 = Debug|Win32
		Debug|x64 = Debug|x64
		Release|Win32 = Release|Win32
		Release|x64 = Release|x64
	EndGlobalSection
	GlobalSection(ProjectConfigurationPlatforms) = postSolution
		{75FB1AD3-EF22-43F7-90AF-348225706733}.Debug|Win32.ActiveCfg = Debug|Win32
		{75FB1AD3-EF22-43F7-90AF-348225706733}.Debug|Win32.Build.0 = Debug|Win32
		{75FB1AD3-EF22-43F7-90AF-348225706733}.Debug|Win32.Deploy.0 = Debug|Win32
		{75FB1AD3-EF22-43F7-90AF-348225706733}.Debug|x64.ActiveCfg = Debug|x64
		{75FB1AD3-EF22-43F7-90AF-348225706733}.Debug|x64.Build.0 = Debug|x64
		{75FB1AD3-EF22-43F7-90AF-348225706733}.Debug|x64.Deploy.0 = Debug|x64
		{75FB1AD3-EF22-43F7-90AF-348225706733}.Release|Win32.ActiveCfg = Release|Win32
		{75FB1AD3-EF22-43F7-90AF-348225706733}.Release|Win32.Build.0 = Release|Win32
		{75FB1AD3-EF22-43F7-90AF-348225706733}.Release|Win32.Deploy.0 = Release|Win32
		{75FB1AD3-EF22-43F7-90AF-348225706733}.Release|x64.ActiveCfg = Release|x64
		{75FB1AD3-EF22-43F7-90AF-348225706733}.Release|x64.Build.0 = Release|x64
		{75FB1AD3-EF22-43F7-90AF-348225706733}.Release|x64.Deploy.0 = Release|x64
		{BB2E345D-97FA-4C16-A899-D548E6C742CD}.Debug|Win32.ActiveCfg = Debug|Win32
		{BB2E345D-97FA-4C16-A899-D548E6C742CD}.Debug|Win32.Build.0 = Debug|Win32
		{BB2E345D-97FA-4C16-A899-D548E6C742CD}.Debug|Win32.Deploy.0 = Debug|Win32
		{BB2E345D-97FA-4C16-A899-D548E6C742CD}.Debug|x64.ActiveCfg = Debug|x64
		{BB2E345D-97FA-4C16-A899-D548E6C742CD}.Debug|x64.Build.0 = Debug|x64
		{BB2E345D-97FA-4C16-A899-D548E6C742CD}.Debug|x64.Deploy.0 = Debug|x64
		{BB2E345D-97FA-4C16-A899-D548E6C742CD}.Release|Win32.ActiveCfg = Release|Win32
		{BB2E345D-97FA-4C16-A899-D548E6C742CD}.Release|Win32.Build.0 = Release|Win32
		{BB2E345D-97FA-4C16-A899-D548E6C742CD}.Release|Win32.Deploy.0 = Release|Win32
		{BB2E345D-97FA-4C16-A899-D548E6C742CD}.Release|x64.ActiveCfg = Release|x64
		{BB2E345D-97FA-4C16-A899-D548E6C742CD}.Release|x64.Build.0 = Release|x64
		{BB2E345D-97FA-4C16-A899-D548E6C742CD}.Release|x64.Deploy.0 = Release|x64
		{C52A6F06-9B18-4ACB-A6CC-957BB80BA4E9}.Debug|Win32.ActiveCfg = Debug|Win32
		{C52A6F06-9B18-4ACB-A6CC-957BB80BA4E9}.Debug|Win32.Build.0 = Debug|Win32
		{C52A6F06-9B18-4ACB-A6CC-957BB80BA4E9}.Debug|Win32.Deploy.0 = Debug|Win32
		{C52A6F06-9B18-4ACB-A6CC-957BB80BA4E9}.Debug|x64.ActiveCfg = Debug|x64
		{C52A6F06-9B18-4ACB-A6CC-957BB80BA4E9}.Debug|x64.Build.0 = Debug|x64
		{C52A6F06-9B18-4ACB-A6CC-957BB80BA4E9}.Debug|x64.Deploy.0 = Debug|x64
		{C52A6F06-9B18-4ACB-A6CC-957BB80BA4E9}.Release|Win32.ActiveCfg = Release|Win32
		{C52A6F06-9B18-4ACB-A6CC-957BB80BA4E9}.Release|Win32.Build.0 = Release|Win32
		{C52A6F06-9B18-4ACB-A6CC-957BB80BA4E9}.Release|Win32.Deploy.0 = Release|Win32
		{C52A6F06-9B18-4ACB-A6CC-957BB80BA4E9}.Release|x64.ActiveCfg = Release|x64
		{C52A6F06-9B18-4ACB-A6CC-957BB80BA4E9}.Release|x64.Build.0 = Release|x64
		{C52A6F06-9B18-4ACB-A6CC-957BB80BA4E9}.Release|x64.Deploy.0 = Release|x64
		{9BE64C2F-573E-4414-93C0-21C0FCCC8EEF}.Debug|Win32.ActiveCfg = Debug|Win32
		{9BE64C2F-573E-4414-93C0-21C0FCCC8EEF}.Debug|Win32.Build.0 = Debug|Win32
		{9BE64C2F-573E-4414-93C0-21C0FCCC8EEF}.Debug|Win32.Deploy.0 = Debug|Win32
		{9BE64C2F-573E-4414-93C0-21C0FCCC8EEF}.Debug|x64.ActiveCfg = Debug|x64
		{9BE64C2F-573E-4414-93C0-21C0FCCC8EEF}.Debug|x64.Build.0 = Debug|x64
		{9BE64C2F-573E-4414-93C0-21C0FCCC8EEF}.Debug|x64.Deploy.0 = Debug|x64
		{9BE64C2F-573E-4414-93C0-21C0FCCC8EEF}.Release|Win32.ActiveCfg = Release|Win32
		{9BE64C2F-573E-4414-93C0-21C0FCCC8EEF}.Release|Win32.Build.0 = Release|Win32
		{9BE64C2F-573E-4414-93C0-21C0FCCC8EEF}.Release|Win32.Deploy.0 = Release|Win32
		{9BE64C2F-573E-4414-93C0-21C0FCCC8EEF}.Release|x64.ActiveCfg = Release|x64
		{9BE64C2F-573E-4414-93C0-21C0FCCC8EEF}.Release|x64.Build.0 = Release|x64
		{9BE64C2F-573E-4414-93C0-21C0FCCC8EEF}.Release|x64.Deploy.0 = Release|x64
		{7FB50580-B021-4FC8-BEDE-4F32A73E64DB}.Debug|Win32.ActiveCfg = Debug|Win32
		{7FB50580-B021-4FC8-BEDE-4F32A73E64DB}.Debug|Win32.Build.0 = Debug|Win32
		{7FB50580-B021-4FC8-BEDE-4F32A73E64DB}.Debug|Win32.Deploy.0 = Debug|Win32
		{7FB50580-B021-4FC8-BEDE-4F32A73E64DB}.Debug|x64.ActiveCfg = Debug|x64
		{7FB50580-B021-4FC8-BEDE-4F32A73E64DB}.Debug|x64.Build.0 = Debug|x64
		{7FB50580-B021-4FC8-BEDE-4F32A73E64DB}.Debug|x64.Deploy.0 = Debug|x64
		{7FB50580-B021-4FC8-BEDE-4F32A73E64DB}.Release|Win32.ActiveCfg = Release|Win32
		{7FB50580-B021-4FC8-BEDE-4F32A73E64DB}.Release|Win32.Build.0 = Release|Win32
		{7FB50580-B021-4FC8-BEDE-4F32A73E64DB}.Release|Win32.Deploy.0 = Release|Win32
		{7FB50580-B021-4FC8-BEDE-4F32A73E64DB}.Release|x64.ActiveCfg = Release|x64
		{7FB50580-B021-4FC8-BEDE-4F32A73E64DB}.Release|x64.Build.0 = Release|x64
		{7FB50580-B021-4FC8-BEDE-4F32A73E64DB}.Release|x64.Deploy.0 = Release|x64
		{265ED0CE-EC36-47F1-8B01-E066D5C8AFDC}.Debug|Win32.ActiveCfg = Debug|Win32
		{265ED0CE-EC36-47F1-8B01-E066D5C8AFDC}.Debug|Win32.Build.0 = Debug|Win32
		{265ED0CE-EC36-47F1-8B01-E066D5C8AFDC}.Debug|Win32.Deploy.0 = Debug|Win32
		{265ED0CE-EC36-47F1-8B01-E066D5C8AFDC}.Debug|x64.ActiveCfg = Debug|x64
		{265ED0CE-EC36-47F1-8B01-E066D5C8AFDC}.Debug|x64.Build.0 = Debug|x64
		{265ED0CE-EC36-47F1-8B01-E066D5C8AFDC}.Debug|x64.Deploy.0 = Debug|x64
		{265ED0CE-EC36-47F1-8B01-E066D5C8AFDC}.Release|Win32.ActiveCfg = Release|Win32
		{265ED0CE-EC36-47F1-8B01-E066D5C8AFDC}.Release|Win32.Build.0 = Release|Win32
		{265ED0CE-EC36-47F1-8B01-E066D5C8AFDC}.Release|Win32.Deploy.0 = Release|Win32
		{265ED0CE-EC36-47F1-8B01-E066D5C8AFDC}.Release|x64.ActiveCfg = Release|x64
		{265ED0CE-EC36-47F1-8B01-E066D5C8AFDC}.Release|x64.Build.0 = Release|x64
		{265ED0CE-EC36-47F1-8B01-E066D5C8AFDC}.Release|x64.Deploy.0 = Release|x64
		{6B2AFE31-0A1E-4B02-93E8-DA9F4374D054}.Debug|Win32.ActiveCfg = Debug|Win32
		{6B2AFE31-0A1E-4B02-93E8-DA9F4374D054}.Debug|Win32.Build.0 = Debug|Win32
		{6B2AFE31-0A1E-4B02-93E8-DA9F4374D054}.Debug|Win32.Deploy.0 = Debug|Win32
		{6B2AFE31-0A1E-4B02-93E8-DA9F4374D054}.Debug|x64.ActiveCfg = Debug|x64
		{6B2AFE31-0A1E-4B02-93E8-DA9F4374D054}.Debug|x64.Build.0 = Debug|x64
		{6B2AFE31-0A1E-4B02-93E8-DA9F4374D054}.Debug|x64.Deploy.0 = Debug|x64
		{6B2AFE31-0A1E-4B02-93E8-DA9F4374D054}.Release|Win32.ActiveCfg = Release|Win32
		{6B2AFE31-0A1E-4B02-93E8-DA9F4374D054}.Release|Win32.Build.0 = Release|Win32
		{6B2AFE31-0A1E-4B02-93E8-DA9F4374D054}.Release|Win32.Deploy.0 = Release|Win32
		{6B2AFE31-0A1E-4B02-93E8-DA9F4374D054}.Release|x64.ActiveCfg = Release|x64
		{6B2AFE31-0A1E-4B02-93E8-DA9F4374D054}.Release|x64.Build.0 = Release|x64
		{6B2AFE31-0A1E-4B02-93E8-DA9F4374D054}.Release|x64.Deploy.0 = Release|x64
		{52A8F4DA-5776-4FFB-AD54-ADB54711DE42}.Debug|Win32.ActiveCfg = Debug|Win32
		{52A8F4DA-5776-4FFB-AD54-ADB54711DE42}.Debug|Win32.Build.0 = Debug|Win32
		{52A8F4DA-5776-4FFB-AD54-ADB54711DE42}.Debug|Win32.Deploy.0 = Debug|Win32
		{52A8F4DA-5776-4FFB-AD54-ADB54711DE42}.Debug|x64.ActiveCfg = Debug|x64
		{52A8F4DA-5776-4FFB-AD54-ADB54711DE42}.Debug|x64.Build.0 = Debug|x64
		{52A8F4DA-5776-4FFB-AD54-ADB54711DE42}.Debug|x64.Deploy.0 = Debug|x64
		{52A8F4DA-5776-4FFB-AD54-ADB54711DE42}.Release|Win32.ActiveCfg = Release|Win32
		{52A8F4DA-5776-4FFB-AD54-ADB54711DE42}.Release|Win32.Build.0 = Release|Win32
		{52A8F4DA-5776-4FFB-AD54-ADB54711DE42}.Release|Win32.Deploy.0 = Release|Win32
		{52A8F4DA-5776-4FFB-AD54-ADB54711DE42}.Release|x64.ActiveCfg = Release|x64
		{52A8F4DA-5776-4FFB-AD54-ADB54711DE42}.Release|x64.Build.0 = Release|x64
		{52A8F4DA-5776-4FFB-AD54-ADB54711DE42}.Release|x64.Deploy.0 = Release|x64
		{0EC62FD5-7C8E-45AC-A07F-C3C61D85D6BF}.Debug|Win32.ActiveCfg = Debug|Win32
		{0EC62FD5-7C8E-45AC-A07F-C3C61D85D6BF}.Debug|Win32.Build.0 = Debug|Win32
		{0EC62FD5-7C8E-45AC-A07F-C3C61D85D6BF}.Debug|Win32.Deploy.0 = Debug|Win32
		{0EC62FD5-7C8E-45AC-A07F-C3C61D85D6BF}.Debug|x64.ActiveCfg = Debug|x64
		{0EC62FD5-7C8E-45AC-A07F-C3C61D85D6BF}.Debug|x64.Build.0 = Debug|x64
		{0EC62FD5-7C8E-45AC-A07F-C3C61D85D6BF}.Debug|x64.Deploy.0 = Debug|x64
		{0EC62FD5-7C8E-45AC-A07F-C3C61D85D6BF}.Release|Win32.ActiveCfg = Release|Win32
		{0EC62FD5-7C8E-45AC-A07F-C3C61D85D6BF}.Release|Win32.Build.0 = Release|Win32
		{0EC62FD5-7C8E-45AC-A07F-C3C61D85D6BF}.Release|Win32.Deploy.0 = Release|Win32
		{0EC62FD5-7C8E-45AC-A07F-C3C61D85D6BF}.Release|x64.ActiveCfg = Release|x64
		{0EC62FD5-7C8E-45AC-A07F-C3C61D85D6BF}.Release|x64.Build.0 = Release|x64
		{0EC62FD5-7C8E-45AC-A07F-C3C61D85D6BF}.Release|x64.Deploy.0 = Release|x64
		{C38ECD3D-C1D8-49CE-B378-CF9C1A9213C4}.Debug|Win32.ActiveCfg = Debug|Win32
		{C38ECD3D-C1D8-49CE-B378-CF9C1A9213C4}.Debug|Win32.Build.0 = Debug|Win32
		{C38ECD3D-C1D8-49CE-B378-CF9C1A9213C4}.Debug|Win32.Deploy.0 = Debug|Win32
		{C38ECD3D-C1D8-49CE-B378-CF9C1A9213C4}.Debug|x64.ActiveCfg = Debug|x64
		{C38ECD3D-C1D8-49CE-B378-CF9C1A9213C4}.Debug|x64.Build.0 = Debug|x64
		{C38ECD3D-C1D8-49CE-B378-CF9C1A9213C4}.Debug|x64.Deploy.0 = Debug|x64
		{C38ECD3D-C1D8-49CE-B378-CF9C1A9213C4}.Release|Win32.ActiveCfg = Release|Win32
		{C38ECD3D-C1D8-49CE-B378-CF9C1A9213C4}.Release|Win32.Build.0 = Release|Win32
		{C38ECD3D-C1D8-49CE-B378-CF9C1A9213C4}.Release|Win32.Deploy.0 = Release|Win32
		{C38ECD3D-C1D8-49CE-B378-CF9C1A9213C4}.Release|x64.ActiveCfg = Release|x64
		{C38ECD3D-C1D8-49CE-B378-CF9C1A9213C4}.Release|x64.Build.0 = Release|x64
		{C38ECD3D-C1D8-49CE-B378-CF9C1A9213C4}.Release|x64.Deploy.0 = Release|x64
		{98DEA5DB-7889-46E3-ABDA-CD035A79EE28}.Debug|Win32.ActiveCfg = Debug|Win32
		{98DEA5DB-7889-46E3-ABDA-CD035A79EE28}.Debug|Win32.Build.0 = Debug|Win32
		{98DEA5DB-7889-46E3-ABDA-CD035A79EE28}.Debug|Win32.Deploy.0 = Debug|Win32
		{98DEA5DB-7889-46E3-ABDA-CD035A79EE28}.Debug|x64.ActiveCfg = Debug|x64
		{98DEA5DB-7889-46E3-ABDA-CD035A79EE28}.Debug|x64.Build.0 = Debug|x64
		{98DEA5DB-7889-46E3-ABDA-CD035A79EE28}.Debug|x64.Deploy.0 = Debug|x64
		{98DEA5DB-7889-46E3-ABDA-CD035A79EE28}.Release|Win32.ActiveCfg = Release|Win32
		{98DEA5DB-7889-46E3-ABDA-CD035A79EE28}.Release|Win32.Build.0 = Release|Win32
		{98DEA5DB-7889-46E3-ABDA-CD035A79EE28}.Release|Win32.Deploy.0 = Release|Win32
		{98DEA5DB-7889-46E3-ABDA-CD035A79EE28}.Release|x64.ActiveCfg = Release|x64
		{98DEA5DB-7889-46E3-ABDA-CD035A79EE28}.Release|x64.Build.0 = Release|x64
		{98DEA5DB-7889-46E3-ABDA-CD035A79EE28}.Release|x64.Deploy.0 = Release|x64
		{1269D49C-F1A7-429A-AB60-251E4C331E30}.Debug|Win32.ActiveCfg = Debug|Win32
		{1269D49C-F1A7-429A-AB60-251E4C331E30}.Debug|Win32.Build.0 = Debug|Win32
		{1269D49C-F1A7-429A-AB60-251E4C331E30}.Debug|Win32.Deploy.0 = Debug|Win32
		{1269D49C-F1A7-429A-AB60-251E4C331E30}.Debug|x64.ActiveCfg = Debug|x64
		{1269D49C-F1A7-429A-AB60-251E4C331E30}.Debug|x64.Build.0 = Debug|x64
		{1269D49C-F1A7-429A-AB60-251E4C331E30}.Debug|x64.Deploy.0 = Debug|x64
		{1269D49C-F1A7-429A-AB60-251E4C331E30}.Release|Win32.ActiveCfg = Release|Win32
		{1269D49C-F1A7-429A-AB60-251E4C331E30}.Release|Win32.Build.0 = Release|Win32
		{1269D49C-F1A7-429A-AB60-251E4C331E30}.Release|Win32.Deploy.0 = Release|Win32
		{1269D49C-F1A7-429A-AB60-251E4C331E30}.Release|x64.ActiveCfg = Release|x64
		{1269D49C-F1A7-429A-AB60-251E4C331E30}.Release|x64.Build.0 = Release|x64
		{1269D49C-F1A7-429A-AB60-251E4C331E30}.Release|x64.Deploy.0 = Release|x64
		{1636E68B-1166-46C7-879F-5C10E5F3B9AA}.Debug|Win32.ActiveCfg = Debug|Win32
		{1636E68B-1166-46C7-879F-5C10E5F3B9AA}.Debug|Win32.Build.0 = Debug|Win32
		{1636E68B-1166-46C7-879F-5C10E5F3B9AA}.Debug|Win32.Deploy.0 = Debug|Win32
		{1636E68B-1166-46C7-879F-5C10E5F3B9AA}.Debug|x64.ActiveCfg = Debug|x64
		{1636E68B-1166-46C7-879F-5C10E5F3B9AA}.Debug|x64.Build.0 = Debug|x64
		{1636E68B-1166-46C7-879F-5C10E5F3B9AA}.Debug|x64.Deploy.0 = Debug|x64
		{1636E68B-1166-46C7-879F-5C10E5F3B9AA}.Release|Win32.ActiveCfg = Release|Win32
		{1636E68B-1166-46C7-879F-5C10E5F3B9AA}.Release|Win32.Build.0 = Release|Win32
		{1636E68B-1166-46C7-879F-5C10E5F3B9AA}.Release|Win32.Deploy.0 = Release|Win32
		{1636E68B-1166-46C7-879F-5C10E5F3B9AA}.Release|x64.ActiveCfg = Release|x64
		{1636E68B-1166-46C7-879F-5C10E5F3B9AA}.Release|x64.Build.0 = Release|x64
		{1636E68B-1166-46C7-879F-5C10E5F3B9AA}.Release|x64.Deploy.0 = Release|x64
		{53CA810F-4B38-4F2F-8ECF-57F5D39919D4}.Debug|Win32.ActiveCfg = Debug|Win32
		{53CA810F-4B38-4F2F-8ECF-57F5D39919D4}.Debug|Win32.Build.0 = Debug|Win32
		{53CA810F-4B38-4F2F-8ECF-57F5D39919D4}.Debug|Win32.Deploy.0 = Debug|Win32
		{53CA810F-4B38-4F2F-8ECF-57F5D39919D4}.Debug|x64.ActiveCfg = Debug|x64
		{53CA810F-4B38-4F2F-8ECF-57F5D39919D4}.Debug|x64.Build.0 = Debug|x64
		{53CA810F-4B38-4F2F-8ECF-57F5D39919D4}.Debug|x64.Deploy.0 = Debug|x64
		{53CA810F-4B38-4F2F-8ECF-57F5D39919D4}.Release|Win32.ActiveCfg = Release|Win32
		{53CA810F-4B38-4F2F-8ECF-57F5D39919D4}.Release|Win32.Build.0 = Release|Win32
		{53CA810F-4B38-4F2F-8ECF-57F5D39919D4}.Release|Win32.Deploy.0 = Release|Win32
		{53CA810F-4B38-4F2F-8ECF-57F5D39919D4}.Release|x64.ActiveCfg = Release|x64
		{53CA810F-4B38-4F2F-8ECF-57F5D39919D4}.Release|x64.Build.0 = Release|x64
		{53CA810F-4B38-4F2F-8ECF-57F5D39919D4}.Release|x64.Deploy.0 = Release|x64
		{AAC1E621-4B60-425A-9080-684FFA66DD00}.Debug|Win32.ActiveCfg = Debug|Win32
		{AAC1E621-4B60-425A-9080-684FFA66DD00}.Debug|Win32.Build.0 = Debug|Win32
		{AAC1E621-4B60-425A-9080-684FFA66DD00}.Debug|Win32.Deploy.0 = Debug|Win32
		{AAC1E621-4B60-425A-9080-684FFA66DD00}.Debug|x64.ActiveCfg = Debug|x64
		{AAC1E621-4B60-425A-9080-684FFA66DD00}.Debug|x64.Build.0 = Debug|x64
		{AAC1E621-4B60-425A-9080-684FFA66DD00}.Debug|x64.Deploy.0 = Debug|x64
		{AAC1E621-4B60-425A-9080-684FFA66DD00}.Release|Win32.ActiveCfg = Release|Win32
		{AAC1E621-4B60-425A-9080-684FFA66DD00}.Release|Win32.Build.0 = Release|Win32
		{AAC1E621-4B60-425A-9080-684FFA66DD00}.Release|Win32.Deploy.0 = Release|Win32
		{AAC1E621-4B60-425A-9080-684FFA66DD00}.Release|x64.ActiveCfg = Release|x64
		{AAC1E621-4B60-425A-9080-684FFA66DD00}.Release|x64.Build.0 = Release|x64
		{AAC1E621-4B60-425A-9080-684FFA66DD00}.Release|x64.Deploy.0 = Release|x64
		{8FFF594F-5F3C-48DF-BAEE-047EB8C654EA}.Debug|Win32.ActiveCfg = Debug|Win32
		{8FFF594F-5F3C-48DF-BAEE-047EB8C654EA}.Debug|Win32.Build.0 = Debug|Win32
		{8FFF594F-5F3C-48DF-BAEE-047EB8C654EA}.Debug|Win32.Deploy.0 = Debug|Win32
		{8FFF594F-5F3C-48DF-BAEE-047EB8C654EA}.Debug|x64.ActiveCfg = Debug|x64
		{8FFF594F-5F3C-48DF-BAEE-047EB8C654EA}.Debug|x64.Build.0 = Debug|x64
		{8FFF594F-5F3C-48DF-BAEE-047EB8C654EA}.Debug|x64.Deploy.0 = Debug|x64
		{8FFF594F-5F3C-48DF-BAEE-047EB8C654EA}.Release|Win32.ActiveCfg = Release|Win32
		{8FFF594F-5F3C-48DF-BAEE-047EB8C654EA}.Release|Win32.Build.0 = Release|Win32
		{8FFF594F-5F3C-48DF-BAEE-047EB8C654EA}.Release|Win32.Deploy.0 = Release|Win32
		{8FFF594F-5F3C-48DF-BAEE-047EB8C654EA}.Release|x64.ActiveCfg = Release|x64
		{8FFF594F-5F3C-48DF-BAEE-047EB8C654EA}.Release|x64.Build.0 = Release|x64
		{8FFF594F-5F3C-48DF-BAEE-047EB8C654EA}.Release|x64.Deploy.0 = Release|x64
		{833FEC3B-56FF-4589-9CD9-3FF4C2018638}.Debug|Win32.ActiveCfg = Debug|Win32
		{833FEC3B-56FF-4589-9CD9-3FF4C2018638}.Debug|Win32.Build.0 = Debug|Win32
		{833FEC3B-56FF-4589-9CD9-3FF4C2018638}.Debug|Win32.Deploy.0 = Debug|Win32
		{833FEC3B-56FF-4589-9CD9-3FF4C2018638}.Debug|x64.ActiveCfg = Debug|x64
		{833FEC3B-56FF-4589-9CD9-3FF4C2018638}.Debug|x64.Build.0 = Debug|x64
		{833FEC3B-56FF-4589-9CD9-3FF4C2018638}.Debug|x64.Deploy.0 = Debug|x64
		{833FEC3B-56FF-4589-9CD9-3FF4C2018638}.Release|Win32.ActiveCfg = Release|Win32
		{833FEC3B-56FF-4589-9CD9-3FF4C2018638}.Release|Win32.Build.0 = Release|Win32
		{833FEC3B-56FF-4589-9CD9-3FF4C2018638}.Release|Win32.Deploy.0 = Release|Win32
		{833FEC3B-56FF-4589-9CD9-3FF4C2018638}.Release|x64.ActiveCfg = Release|x64
		{833FEC3B-56FF-4589-9CD9-3FF4C2018638}.Release|x64.Build.0 = Release|x64
		{833FEC3B-56FF-4589-9CD9-3FF4C2018638}.Release|x64.Deploy.0 = Release|x64
		{12EA9413-AA07-496C-93DF-7F96EF80E44C}.Debug|Win32.ActiveCfg = Debug|Win32
		{12EA9413-AA07-496C-93DF-7F96EF80E44C}.Debug|Win32.Build.0 = Debug|Win32
		{12EA9413-AA07-496C-93DF-7F96EF80E44C}.Debug|Win32.Deploy.0 = Debug|Win32
		{12EA9413-AA07-496C-93DF-7F96EF80E44C}.Debug|x64.ActiveCfg = Debug|x64
		{12EA9413-AA07-496C-93DF-7F96EF80E44C}.Debug|x64.Build.0 = Debug|x64
		{12EA9413-AA07-496C-93DF-7F96EF80E44C}.Debug|x64.Deploy.0 = Debug|x64
		{12EA9413-AA07-496C-93DF-7F96EF80E44C}.Release|Win32.ActiveCfg = Release|Win32
		{12EA9413-AA07-496C-93DF-7F96EF80E44C}.Release|Win32.Build.0 = Release|Win32
		{12EA9413-AA07-496C-93DF-7F96EF80E44C}.Release|Win32.Deploy.0 = Release|Win32
		{12EA9413-AA07-496C-93DF-7F96EF80E44C}.Release|x64.ActiveCfg = Release|x64
		{12EA9413-AA07-496C-93DF-7F96EF80E44C}.Release|x64.Build.0 = Release|x64
		{12EA9413-AA07-496C-93DF-7F96EF80E44C}.Release|x64.Deploy.0 = Release|x64
		{EDE10B34-0838-4FE0-888A-6B0DC6CE700C}.Debug|Win32.ActiveCfg = Debug|Win32
		{EDE10B34-0838-4FE0-888A-6B0DC6CE700C}.Debug|Win32.Build.0 = Debug|Win32
		{EDE10B34-0838-4FE0-888A-6B0DC6CE700C}.Debug|Win32.Deploy.0 = Debug|Win32
		{EDE10B34-0838-4FE0-888A-6B0DC6CE700C}.Debug|x64.ActiveCfg = Debug|x64
		{EDE10B34-0838-4FE0-888A-6B0DC6CE700C}.Debug|x64.Build.0 = Debug|x64
		{EDE10B34-0838-4FE0-888A-6B0DC6CE700C}.Debug|x64.Deploy.0 = Debug|x64
		{EDE10B34-0838-4FE0-888A-6B0DC6CE700C}.Release|Win32.ActiveCfg = Release|Win32
		{EDE10B34-0838-4FE0-888A-6B0DC6CE700C}.Release|Win32.Build.0 = Release|Win32
		{EDE10B34-0838-4FE0-888A-6B0DC6CE700C}.Release|Win32.Deploy.0 = Release|Win32
		{EDE10B34-0838-4FE0-888A-6B0DC6CE700C}.Release|x64.ActiveCfg = Release|x64
		{EDE10B34-0838-4FE0-888A-6B0DC6CE700C}.Release|x64.Build.0 = Release|x64
		{EDE10B34-0838-4FE0-888A-6B0DC6CE700C}.Release|x64.Deploy.0 = Release|x64
		{285ADC8D-B2C1-4D98-8A1D-2699710B3705}.Debug|Win32.ActiveCfg = Debug|Win32
		{285ADC8D-B2C1-4D98-8A1D-2699710B3705}.Debug|Win32.Build.0 = Debug|Win32
		{285ADC8D-B2C1-4D98-8A1D-2699710B3705}.Debug|Win32.Deploy.0 = Debug|Win32
		{285ADC8D-B2C1-4D98-8A1D-2699710B3705}.Debug|x64.ActiveCfg = Debug|x64
		{285ADC8D-B2C1-4D98-8A1D-2699710B3705}.Debug|x64.Build.0 = Debug|x64
		{285ADC8D-B2C1-4D98-8A1D-2699710B3705}.Debug|x64.Deploy.0 = Debug|x64
		{285ADC8D-B2C1-4D98-8A1D-2699710B3705}.Release|Win32.ActiveCfg = Release|Win32
		{285ADC8D-B2C1-4D98-8A1D-2699710B3705}.Release|Win32.Build.0 = Release|Win32
		{285ADC8D-B2C1-4D98-8A1D-2699710B3705}.Release|Win32.Deploy.0 = Release|Win32
		{285ADC8D-B2C1-4D98-8A1D-2699710B3705}.Release|x64.ActiveCfg = Release|x64
		{285ADC8D-B2C1-4D98-8A1D-2699710B3705}.Release|x64.Build.0 = Release|x64
		{285ADC8D-B2C1-4D98-8A1D-2699710B3705}.Release|x64.Deploy.0 = Release|x64
		{FA496427-5AFE-455D-80C8-C0778659ED40}.Debug|Win32.ActiveCfg = Debug|Win32
		{FA496427-5AFE-455D-80C8-C0778659ED40}.Debug|Win32.Build.0 = Debug|Win32
		{FA496427-5AFE-455D-80C8-C0778659ED40}.Debug|Win32.Deploy.0 = Debug|Win32
		{FA496427-5AFE-455D-80C8-C0778659ED40}.Debug|x64.ActiveCfg = Debug|x64
		{FA496427-5AFE-455D-80C8-C0778659ED40}.Debug|x64.Build.0 = Debug|x64
		{FA496427-5AFE-455D-80C8-C0778659ED40}.Debug|x64.Deploy.0 = Debug|x64
		{FA496427-5AFE-455D-80C8-C0778659ED40}.Release|Win32.ActiveCfg = Release|Win32
		{FA496427-5AFE-455D-80C8-C0778659ED40}.Release|Win32.Build.0 = Release|Win32
		{FA496427-5AFE-455D-80C8-C0778659ED40}.Release|Win32.Deploy.0 = Release|Win32
		{FA496427-5AFE-455D-80C8-C0778659ED40}.Release|x64.ActiveCfg = Release|x64
		{FA496427-5AFE-455D-80C8-C0778659ED40}.Release|x64.Build.0 = Release|x64
		{FA496427-5AFE-455D-80C8-C0778659ED40}.Release|x64.Deploy.0 = Release|x64
		{DA1C4653-3962-4FDD-9A6F-04A1C0FBE5DE}.Debug|Win32.ActiveCfg = Debug|Win32
		{DA1C4653-3962-4FDD-9A6F-04A1C0FBE5DE}.Debug|Win32.Build.0 = Debug|Win32
		{DA1C4653-3962-4FDD-9A6F-04A1C0FBE5DE}.Debug|Win32.Deploy.0 = Debug|Win32
		{DA1C4653-3962-4FDD-9A6F-04A1C0FBE5DE}.Debug|x64.ActiveCfg = Debug|x64
		{DA1C4653-3962-4FDD-9A6F-04A1C0FBE5DE}.Debug|x64.Build.0 = Debug|x64
		{DA1C4653-3962-4FDD-9A6F-04A1C0FBE5DE}.Debug|x64.Deploy.0 = Debug|x64
		{DA1C4653-3962-4FDD-9A6F-04A1C0FBE5DE}.Release|Win32.ActiveCfg = Release|Win32
		{DA1C4653-3962-4FDD-9A6F-04A1C0FBE5DE}.Release|Win32.Build.0 = Release|Win32
		{DA1C4653-3962-4FDD-9A6F-04A1C0FBE5DE}.Release|Win32.Deploy.0 = Release|Win32
		{DA1C4653-3962-4FDD-9A6F-04A1C0FBE5DE}.Release|x64.ActiveCfg = Release|x64
		{DA1C4653-3962-4FDD-9A6F-04A1C0FBE5DE}.Release|x64.Build.0 = Release|x64
		{DA1C4653-3962-4FDD-9A6F-04A1C0FBE5DE}.Release|x64.Deploy.0 = Release|x64
		{82C35076-5ECF-49F5-8C2E-0248B8E10100}.Debug|Win32.ActiveCfg = Debug|Win32
		{82C35076-5ECF-49F5-8C2E-0248B8E10100}.Debug|Win32.Build.0 = Debug|Win32
		{82C35076-5ECF-49F5-8C2E-0248B8E10100}.Debug|Win32.Deploy.0 = Debug|Win32
		{82C35076-5ECF-49F5-8C2E-0248B8E10100}.Debug|x64.ActiveCfg = Debug|x64
		{82C35076-5ECF-49F5-8C2E-0248B8E10100}.Debug|x64.Build.0 = Debug|x64
		{82C35076-5ECF-49F5-8C2E-0248B8E10100}.Debug|x64.Deploy.0 = Debug|x64
		{82C35076-5ECF-49F5-8C2E-0248B8E10100}.Release|Win32.ActiveCfg = Release|Win32
		{82C35076-5ECF-49F5-8C2E-0248B8E10100}.Release|Win32.Build.0 = Release|Win32
		{82C35076-5ECF-49F5-8C2E-0248B8E10100}.Release|Win32.Deploy.0 = Release|Win32
		{82C35076-5ECF-49F5-8C2E-0248B8E10100}.Release|x64.ActiveCfg = Release|x64
		{82C35076-5ECF-49F5-8C2E-0248B8E10100}.Release|x64.Build.0 = Release|x64
		{82C35076-5ECF-49F5-8C2E-0248B8E10100}.Release|x64.Deploy.0 = Release|x64
		{FBCBDB09-68AE-4794-A1FE-70B58551B19B}.Debug|Win32.ActiveCfg = Debug|Win32
		{FBCBDB09-68AE-4794-A1FE-70B58551B19B}.Debug|Win32.Build.0 = Debug|Win32
		{FBCBDB09-68AE-4794-A1FE-70B58551B19B}.Debug|Win32.Deploy.0 = Debug|Win32
		{FBCBDB09-68AE-4794-A1FE-70B58551B19B}.Debug|x64.ActiveCfg = Debug|x64
		{FBCBDB09-68AE-4794-A1FE-70B58551B19B}.Debug|x64.Build.0 = Debug|x64
		{FBCBDB09-68AE-4794-A1FE-70B58551B19B}.Debug|x64.Deploy.0 = Debug|x64
		{FBCBDB09-68AE-4794-A1FE-70B58551B19B}.Release|Win32.ActiveCfg = Release|Win32
		{FBCBDB09-68AE-4794-A1FE-70B58551B19B}.Release|Win32.Build.0 = Release|Win32
		{FBCBDB09-68AE-4794-A1FE-70B58551B19B}.Release|Win32.Deploy.0 = Release|Win32
		{FBCBDB09-68AE-4794-A1FE-70B58551B19B}.Release|x64.ActiveCfg = Release|x64
		{FBCBDB09-68AE-4794-A1FE-70B58551B19B}.Release|x64.Build.0 = Release|x64
		{FBCBDB09-68AE-4794-A1FE-70B58551B19B}.Release|x64.Deploy.0 = Release|x64
		{7E4203CA-5E57-471D-A35F-B0FCF2653C72}.Debug|Win32.ActiveCfg = Debug|Win32
		{7E4203CA-5E57-471D-A35F-B0FCF2653C72}.Debug|Win32.Build.0 = Debug|Win32
		{7E4203CA-5E57-471D-A35F-B0FCF2653C72}.Debug|Win32.Deploy.0 = Debug|Win32
		{7E4203CA-5E57-471D-A35F-B0FCF2653C72}.Debug|x64.ActiveCfg = Debug|x64
		{7E4203CA-5E57-471D-A35F-B0FCF2653C72}.Debug|x64.Build.0 = Debug|x64
		{7E4203CA-5E57-471D-A35F-B0FCF2653C72}.Debug|x64.Deploy.0 = Debug|x64
		{7E4203CA-5E57-471D-A35F-B0FCF2653C72}.Release|Win32.ActiveCfg = Release|Win32
		{7E4203CA-5E57-471D-A35F-B0FCF2653C72}.Release|Win32.Build.0 = Release|Win32
		{7E4203CA-5E57-471D-A35F-B0FCF2653C72}.Release|Win32.Deploy.0 = Release|Win32
		{7E4203CA-5E57-471D-A35F-B0FCF2653C72}.Release|x64.ActiveCfg = Release|x64
		{7E4203CA-5E57-471D-A35F-B0FCF2653C72}.Release|x64.Build.0 = Release|x64
		{7E4203CA-5E57-471D-A35F-B0FCF2653C72}.Release|x64.Deploy.0 = Release|x64
	EndGlobalSection
	GlobalSection(SolutionProperties) = preSolution
		HideSolutionNode = FALSE
	EndGlobalSection
EndGlobal
